
Microsoft Visual Studio Solution File, Format Version 12.00
# Visual Studio Version 16
VisualStudioVersion = 16.0.33328.57
MinimumVisualStudioVersion = 10.0.40219.1
Project("{FAE04EC0-301F-11D3-BF4B-00C04F79EFBC}") = "Lab.EF.UI", "Lab.EF.UI\Lab.EF.UI.csproj", "{9799337B-BD71-4F3B-A502-ED0CBA2BBD97}"
EndProject
Project("{FAE04EC0-301F-11D3-BF4B-00C04F79EFBC}") = "Lab.EF.Logic", "Lab.EF.Logic\Lab.EF.Logic.csproj", "{96A9DA0C-AC32-4F88-91ED-5AEABECD95D7}"
EndProject
Project("{FAE04EC0-301F-11D3-BF4B-00C04F79EFBC}") = "Lab.EF.Data", "Lab.EF.Data\Lab.EF.Data.csproj", "{4381E42B-2163-4A37-8B52-199B0CD0F09F}"
EndProject
Project("{FAE04EC0-301F-11D3-BF4B-00C04F79EFBC}") = "Lab.EF.Entities", "Lab.EF.Entities\Lab.EF.Entities.csproj", "{A167509A-2C59-4E03-BBC6-B7D5366C162C}"
EndProject
Project("{2150E333-8FDC-42A3-9474-1A3956D46DE8}") = "Solution Items", "Solution Items", "{E1E0D771-567A-4267-B36A-1DC18FC6DCDE}"
	ProjectSection(SolutionItems) = preProject
		.editorconfig = .editorconfig
	EndProjectSection
EndProject
Project("{FAE04EC0-301F-11D3-BF4B-00C04F79EFBC}") = "Lab.EF.LogicTests1", "Lab.EF.LogicTests1\Lab.EF.LogicTests1.csproj", "{F77C7C0D-88D3-4CAF-ACB6-339D8C2AA009}"
EndProject
Project("{FAE04EC0-301F-11D3-BF4B-00C04F79EFBC}") = "Lab.EF.MVC", "Lab.EF.MVC\Lab.EF.MVC.csproj", "{51FCBB02-125E-432E-B398-B560B69EBD42}"
EndProject
Global
	GlobalSection(SolutionConfigurationPlatforms) = preSolution
		Debug|Any CPU = Debug|Any CPU
		Release|Any CPU = Release|Any CPU
	EndGlobalSection
	GlobalSection(ProjectConfigurationPlatforms) = postSolution
		{9799337B-BD71-4F3B-A502-ED0CBA2BBD97}.Debug|Any CPU.ActiveCfg = Debug|Any CPU
		{9799337B-BD71-4F3B-A502-ED0CBA2BBD97}.Debug|Any CPU.Build.0 = Debug|Any CPU
		{9799337B-BD71-4F3B-A502-ED0CBA2BBD97}.Release|Any CPU.ActiveCfg = Release|Any CPU
		{9799337B-BD71-4F3B-A502-ED0CBA2BBD97}.Release|Any CPU.Build.0 = Release|Any CPU
		{96A9DA0C-AC32-4F88-91ED-5AEABECD95D7}.Debug|Any CPU.ActiveCfg = Debug|Any CPU
		{96A9DA0C-AC32-4F88-91ED-5AEABECD95D7}.Debug|Any CPU.Build.0 = Debug|Any CPU
		{96A9DA0C-AC32-4F88-91ED-5AEABECD95D7}.Release|Any CPU.ActiveCfg = Release|Any CPU
		{96A9DA0C-AC32-4F88-91ED-5AEABECD95D7}.Release|Any CPU.Build.0 = Release|Any CPU
		{4381E42B-2163-4A37-8B52-199B0CD0F09F}.Debug|Any CPU.ActiveCfg = Debug|Any CPU
		{4381E42B-2163-4A37-8B52-199B0CD0F09F}.Debug|Any CPU.Build.0 = Debug|Any CPU
		{4381E42B-2163-4A37-8B52-199B0CD0F09F}.Release|Any CPU.ActiveCfg = Release|Any CPU
		{4381E42B-2163-4A37-8B52-199B0CD0F09F}.Release|Any CPU.Build.0 = Release|Any CPU
		{A167509A-2C59-4E03-BBC6-B7D5366C162C}.Debug|Any CPU.ActiveCfg = Debug|Any CPU
		{A167509A-2C59-4E03-BBC6-B7D5366C162C}.Debug|Any CPU.Build.0 = Debug|Any CPU
		{A167509A-2C59-4E03-BBC6-B7D5366C162C}.Release|Any CPU.ActiveCfg = Release|Any CPU
		{A167509A-2C59-4E03-BBC6-B7D5366C162C}.Release|Any CPU.Build.0 = Release|Any CPU
		{F77C7C0D-88D3-4CAF-ACB6-339D8C2AA009}.Debug|Any CPU.ActiveCfg = Debug|Any CPU
		{F77C7C0D-88D3-4CAF-ACB6-339D8C2AA009}.Debug|Any CPU.Build.0 = Debug|Any CPU
		{F77C7C0D-88D3-4CAF-ACB6-339D8C2AA009}.Release|Any CPU.ActiveCfg = Release|Any CPU
		{F77C7C0D-88D3-4CAF-ACB6-339D8C2AA009}.Release|Any CPU.Build.0 = Release|Any CPU
		{51FCBB02-125E-432E-B398-B560B69EBD42}.Debug|Any CPU.ActiveCfg = Debug|Any CPU
		{51FCBB02-125E-432E-B398-B560B69EBD42}.Debug|Any CPU.Build.0 = Debug|Any CPU
		{51FCBB02-125E-432E-B398-B560B69EBD42}.Release|Any CPU.ActiveCfg = Release|Any CPU
		{51FCBB02-125E-432E-B398-B560B69EBD42}.Release|Any CPU.Build.0 = Release|Any CPU
	EndGlobalSection
	GlobalSection(SolutionProperties) = preSolution
		HideSolutionNode = FALSE
	EndGlobalSection
	GlobalSection(ExtensibilityGlobals) = postSolution
		SolutionGuid = {419449CD-F15F-406E-8464-BC49DD07BE19}
	EndGlobalSection
EndGlobal
